
Microsoft Visual Studio Solution File, Format Version 12.00
# Visual Studio Version 17
VisualStudioVersion = 17.5.33424.131
MinimumVisualStudioVersion = 10.0.40219.1
Project("{FAE04EC0-301F-11D3-BF4B-00C04F79EFBC}") = "CalculoIMC", "CalculoIMC.csproj", "{3E168B0B-82A7-49F7-9FDE-C2A948D6DD57}"
EndProject
Global
	GlobalSection(SolutionConfigurationPlatforms) = preSolution
		Debug|Any CPU = Debug|Any CPU
		Release|Any CPU = Release|Any CPU
	EndGlobalSection
	GlobalSection(ProjectConfigurationPlatforms) = postSolution
		{3E168B0B-82A7-49F7-9FDE-C2A948D6DD57}.Debug|Any CPU.ActiveCfg = Debug|Any CPU
		{3E168B0B-82A7-49F7-9FDE-C2A948D6DD57}.Debug|Any CPU.Build.0 = Debug|Any CPU
		{3E168B0B-82A7-49F7-9FDE-C2A948D6DD57}.Release|Any CPU.ActiveCfg = Release|Any CPU
		{3E168B0B-82A7-49F7-9FDE-C2A948D6DD57}.Release|Any CPU.Build.0 = Release|Any CPU
	EndGlobalSection
	GlobalSection(SolutionProperties) = preSolution
		HideSolutionNode = FALSE
	EndGlobalSection
	GlobalSection(ExtensibilityGlobals) = postSolution
		SolutionGuid = {1615C3D3-D13F-4F02-95F7-C9B0EAAD2BD5}
	EndGlobalSection
EndGlobal
